Microsoft Visual Studio Solution File, Format Version 11.00
# Visual Studio 2008

Project("{A175FA89-07D7-C217-5FF6-73F805525A1F}") = "Quad_4April", "Assembly-CSharp.csproj", "{F1FE6F0C-B074-9179-5F97-EEDB9E68ABBC}"
EndProject
Global
	GlobalSection(SolutionConfigurationPlatforms) = preSolution
		Debug|Any CPU = Debug|Any CPU
		Release|Any CPU = Release|Any CPU
	EndGlobalSection
	GlobalSection(ProjectConfigurationPlatforms) = postSolution
		{F1FE6F0C-B074-9179-5F97-EEDB9E68ABBC}.Debug|Any CPU.ActiveCfg = Debug|Any CPU
		{F1FE6F0C-B074-9179-5F97-EEDB9E68ABBC}.Debug|Any CPU.Build.0 = Debug|Any CPU
		{F1FE6F0C-B074-9179-5F97-EEDB9E68ABBC}.Release|Any CPU.ActiveCfg = Release|Any CPU
		{F1FE6F0C-B074-9179-5F97-EEDB9E68ABBC}.Release|Any CPU.Build.0 = Release|Any CPU
	EndGlobalSection
	GlobalSection(SolutionProperties) = preSolution
		HideSolutionNode = FALSE
	EndGlobalSection
	GlobalSection(MonoDevelopProperties) = preSolution
		StartupItem = Assembly-CSharp.csproj
	EndGlobalSection
EndGlobal
