Microsoft Visual Studio Solution File, Format Version 11.00
# Visual Studio 2008

Project("{02433935-3C3A-AAEA-8438-4DA8DC5F33CD}") = "Quad_Simulator_13feb", "Assembly-CSharp.csproj", "{D7E439BE-F43A-CC3E-F493-F9FA7B630E3C}"
EndProject
Global
	GlobalSection(SolutionConfigurationPlatforms) = preSolution
		Debug|Any CPU = Debug|Any CPU
		Release|Any CPU = Release|Any CPU
	EndGlobalSection
	GlobalSection(ProjectConfigurationPlatforms) = postSolution
		{D7E439BE-F43A-CC3E-F493-F9FA7B630E3C}.Debug|Any CPU.ActiveCfg = Debug|Any CPU
		{D7E439BE-F43A-CC3E-F493-F9FA7B630E3C}.Debug|Any CPU.Build.0 = Debug|Any CPU
		{D7E439BE-F43A-CC3E-F493-F9FA7B630E3C}.Release|Any CPU.ActiveCfg = Release|Any CPU
		{D7E439BE-F43A-CC3E-F493-F9FA7B630E3C}.Release|Any CPU.Build.0 = Release|Any CPU
	EndGlobalSection
	GlobalSection(SolutionProperties) = preSolution
		HideSolutionNode = FALSE
	EndGlobalSection
	GlobalSection(MonoDevelopProperties) = preSolution
		StartupItem = Assembly-CSharp.csproj
	EndGlobalSection
EndGlobal
